
Microsoft Visual Studio Solution File, Format Version 12.00
# Visual Studio Version 17
VisualStudioVersion = 17.4.33205.214
MinimumVisualStudioVersion = 10.0.40219.1
Project("{9A19103F-16F7-4668-BE54-9A1E7A4F7556}") = "WeatherWidget", "WeatherWidget\WeatherWidget.csproj", "{786FE594-F437-4D9F-86D5-678CA540E87E}"
EndProject
Global
	GlobalSection(SolutionConfigurationPlatforms) = preSolution
		Debug|Any CPU = Debug|Any CPU
		Debug|x86 = Debug|x86
		Release|Any CPU = Release|Any CPU
		Release|x86 = Release|x86
	EndGlobalSection
	GlobalSection(ProjectConfigurationPlatforms) = postSolution
		{786FE594-F437-4D9F-86D5-678CA540E87E}.Debug|Any CPU.ActiveCfg = Debug|Any CPU
		{786FE594-F437-4D9F-86D5-678CA540E87E}.Debug|Any CPU.Build.0 = Debug|Any CPU
		{786FE594-F437-4D9F-86D5-678CA540E87E}.Debug|x86.ActiveCfg = Debug|Any CPU
		{786FE594-F437-4D9F-86D5-678CA540E87E}.Debug|x86.Build.0 = Debug|Any CPU
		{786FE594-F437-4D9F-86D5-678CA540E87E}.Release|Any CPU.ActiveCfg = Release|Any CPU
		{786FE594-F437-4D9F-86D5-678CA540E87E}.Release|Any CPU.Build.0 = Release|Any CPU
		{786FE594-F437-4D9F-86D5-678CA540E87E}.Release|x86.ActiveCfg = Release|Any CPU
		{786FE594-F437-4D9F-86D5-678CA540E87E}.Release|x86.Build.0 = Release|Any CPU
	EndGlobalSection
	GlobalSection(SolutionProperties) = preSolution
		HideSolutionNode = FALSE
	EndGlobalSection
	GlobalSection(ExtensibilityGlobals) = postSolution
		SolutionGuid = {BBBDC049-7594-428D-8E1E-F06A660B6374}
	EndGlobalSection
EndGlobal
